// !$*UTF8*$!
{
	archiveVersion = 1;
	classes = {
	};
	objectVersion = 77;
	objects = {

/* Begin PBXBuildFile section */
		D972020000000000000000A5 /* h158lib.framework in Frameworks */ = {isa = PBXBuildFile; fileRef = D972020000000000000000A1 /* h158lib.framework */; };
		D972020000000000000000A6 /* h158lib.framework in Embed Frameworks */ = {isa = PBXBuildFile; fileRef = D972020000000000000000A1 /* h158lib.framework */; settings = {ATTRIBUTES = (CodeSignOnCopy, RemoveHeadersOnCopy, ); }; };
/* End PBXBuildFile section */

/* Begin PBXContainerItemProxy section */
		D97200DD302D97E100053A0D /* PBXContainerItemProxy */ = {
			isa = PBXContainerItemProxy;
			containerPortal = D97200C7302D97E100053A0D /* Project object */;
			proxyType = 1;
			remoteGlobalIDString = D97200CE302D97E100053A0D;
			remoteInfo = H158;
		};
		D97200E7302D97E100053A0D /* PBXContainerItemProxy */ = {
			isa = PBXContainerItemProxy;
			containerPortal = D97200C7302D97E100053A0D /* Project object */;
			proxyType = 1;
			remoteGlobalIDString = D97200CE302D97E100053A0D;
			remoteInfo = H158;
		};
		D972020000000000000000A2 /* PBXContainerItemProxy */ = {
			isa = PBXContainerItemProxy;
			containerPortal = D9720122302D98B400053A0D /* h158lib.xcodeproj */;
			proxyType = 2;
			remoteGlobalIDString = D9720103302D988F00053A0D;
			remoteInfo = h158lib;
		};
		D972020000000000000000A3 /* PBXContainerItemProxy */ = {
			isa = PBXContainerItemProxy;
			containerPortal = D9720122302D98B400053A0D /* h158lib.xcodeproj */;
			proxyType = 1;
			remoteGlobalIDString = D9720102302D988F00053A0D;
			remoteInfo = h158lib;
		};
/* End PBXContainerItemProxy section */

/* Begin PBXCopyFilesBuildPhase section */
		D972020000000000000000A7 /* Embed Frameworks */ = {
			isa = PBXCopyFilesBuildPhase;
			buildActionMask = 2147483647;
			dstPath = "";
			dstSubfolderSpec = 10;
			files = (
				D972020000000000000000A6 /* h158lib.framework in Embed Frameworks */,
			);
			name = "Embed Frameworks";
			runOnlyForDeploymentPostprocessing = 0;
		};
/* End PBXCopyFilesBuildPhase section */

/* Begin PBXFileReference section */
		D97200CF302D97E100053A0D /* H158.app */ = {isa = PBXFileReference; explicitFileType = wrapper.application; includeInIndex = 0; path = H158.app; sourceTree = BUILT_PRODUCTS_DIR; };
		D97200DC302D97E100053A0D /* H158Tests.xctest */ = {isa = PBXFileReference; explicitFileType = wrapper.cfbundle; includeInIndex = 0; path = H158Tests.xctest; sourceTree = BUILT_PRODUCTS_DIR; };
		D97200E6302D97E100053A0D /* H158UITests.xctest */ = {isa = PBXFileReference; explicitFileType = wrapper.cfbundle; includeInIndex = 0; path = H158UITests.xctest; sourceTree = BUILT_PRODUCTS_DIR; };
		D9720122302D98B400053A0D /* h158lib.xcodeproj */ = {isa = PBXFileReference; lastKnownFileType = "wrapper.pb-project"; path = h158lib.xcodeproj; sourceTree = "<group>"; };
/* End PBXFileReference section */

/* Begin PBXFileSystemSynchronizedRootGroup section */
		D97200D1302D97E100053A0D /* H158 */ = {
			isa = PBXFileSystemSynchronizedRootGroup;
			path = H158;
			sourceTree = "<group>";
		};
		D97200DF302D97E100053A0D /* H158Tests */ = {
			isa = PBXFileSystemSynchronizedRootGroup;
			path = H158Tests;
			sourceTree = "<group>";
		};
		D97200E9302D97E100053A0D /* H158UITests */ = {
			isa = PBXFileSystemSynchronizedRootGroup;
			path = H158UITests;
			sourceTree = "<group>";
		};
/* End PBXFileSystemSynchronizedRootGroup section */

/* Begin PBXFrameworksBuildPhase section */
		D97200CC302D97E100053A0D /* Frameworks */ = {
			isa = PBXFrameworksBuildPhase;
			buildActionMask = 2147483647;
			files = (
				D972020000000000000000A5 /* h158lib.framework in Frameworks */,
			);
			runOnlyForDeploymentPostprocessing = 0;
		};
		D97200D9302D97E100053A0D /* Frameworks */ = {
			isa = PBXFrameworksBuildPhase;
			buildActionMask = 2147483647;
			files = (
			);
			runOnlyForDeploymentPostprocessing = 0;
		};
		D97200E3302D97E100053A0D /* Frameworks */ = {
			isa = PBXFrameworksBuildPhase;
			buildActionMask = 2147483647;
			files = (
			);
			runOnlyForDeploymentPostprocessing = 0;
		};
/* End PBXFrameworksBuildPhase section */

/* Begin PBXGroup section */
		D97200C6302D97E100053A0D = {
			isa = PBXGroup;
			children = (
				D9720123302D98B400053A0D /* h158lib */,
				D97200D1302D97E100053A0D /* H158 */,
				D97200DF302D97E100053A0D /* H158Tests */,
				D97200E9302D97E100053A0D /* H158UITests */,
				D97200D0302D97E100053A0D /* Products */,
			);
			sourceTree = "<group>";
		};
		D97200D0302D97E100053A0D /* Products */ = {
			isa = PBXGroup;
			children = (
				D97200CF302D97E100053A0D /* H158.app */,
				D97200DC302D97E100053A0D /* H158Tests.xctest */,
				D97200E6302D97E100053A0D /* H158UITests.xctest */,
			);
			name = Products;
			sourceTree = "<group>";
		};
		D9720123302D98B400053A0D /* h158lib */ = {
			isa = PBXGroup;
			children = (
				D9720122302D98B400053A0D /* h158lib.xcodeproj */,
			);
			path = h158lib;
			sourceTree = "<group>";
		};
		D9720124302D98B400053A0D /* Products */ = {
			isa = PBXGroup;
			children = (
				D972020000000000000000A1 /* h158lib.framework */,
			);
			name = Products;
			sourceTree = "<group>";
		};
/* End PBXGroup section */

/* Begin PBXNativeTarget section */
		D97200CE302D97E100053A0D /* H158 */ = {
			isa = PBXNativeTarget;
			buildConfigurationList = D97200F0302D97E100053A0D /* Build configuration list for PBXNativeTarget "H158" */;
			buildPhases = (
				D97200CB302D97E100053A0D /* Sources */,
				D97200CC302D97E100053A0D /* Frameworks */,
				D97200CD302D97E100053A0D /* Resources */,
				D972020000000000000000A7 /* Embed Frameworks */,
			);
			buildRules = (
			);
			dependencies = (
				D972020000000000000000A4 /* PBXTargetDependency */,
			);
			fileSystemSynchronizedGroups = (
				D97200D1302D97E100053A0D /* H158 */,
			);
			name = H158;
			packageProductDependencies = (
			);
			productName = H158;
			productReference = D97200CF302D97E100053A0D /* H158.app */;
			productType = "com.apple.product-type.application";
		};
		D97200DB302D97E100053A0D /* H158Tests */ = {
			isa = PBXNativeTarget;
			buildConfigurationList = D97200F3302D97E100053A0D /* Build configuration list for PBXNativeTarget "H158Tests" */;
			buildPhases = (
				D97200D8302D97E100053A0D /* Sources */,
				D97200D9302D97E100053A0D /* Frameworks */,
				D97200DA302D97E100053A0D /* Resources */,
			);
			buildRules = (
			);
			dependencies = (
				D97200DE302D97E100053A0D /* PBXTargetDependency */,
			);
			fileSystemSynchronizedGroups = (
				D97200DF302D97E100053A0D /* H158Tests */,
			);
			name = H158Tests;
			packageProductDependencies = (
			);
			productName = H158Tests;
			productReference = D97200DC302D97E100053A0D /* H158Tests.xctest */;
			productType = "com.apple.product-type.bundle.unit-test";
		};
		D97200E5302D97E100053A0D /* H158UITests */ = {
			isa = PBXNativeTarget;
			buildConfigurationList = D97200F6302D97E100053A0D /* Build configuration list for PBXNativeTarget "H158UITests" */;
			buildPhases = (
				D97200E2302D97E100053A0D /* Sources */,
				D97200E3302D97E100053A0D /* Frameworks */,
				D97200E4302D97E100053A0D /* Resources */,
			);
			buildRules = (
			);
			dependencies = (
				D97200E8302D97E100053A0D /* PBXTargetDependency */,
			);
			fileSystemSynchronizedGroups = (
				D97200E9302D97E100053A0D /* H158UITests */,
			);
			name = H158UITests;
			packageProductDependencies = (
			);
			productName = H158UITests;
			productReference = D97200E6302D97E100053A0D /* H158UITests.xctest */;
			productType = "com.apple.product-type.bundle.ui-testing";
		};
/* End PBXNativeTarget section */

/* Begin PBXProject section */
		D97200C7302D97E100053A0D /* Project object */ = {
			isa = PBXProject;
			attributes = {
				BuildIndependentTargetsInParallel = 1;
				LastSwiftUpdateCheck = 2640;
				LastUpgradeCheck = 2640;
				TargetAttributes = {
					D97200CE302D97E100053A0D = {
						CreatedOnToolsVersion = 26.4;
					};
					D97200DB302D97E100053A0D = {
						CreatedOnToolsVersion = 26.4;
						TestTargetID = D97200CE302D97E100053A0D;
					};
					D97200E5302D97E100053A0D = {
						CreatedOnToolsVersion = 26.4;
						TestTargetID = D97200CE302D97E100053A0D;
					};
				};
			};
			buildConfigurationList = D97200CA302D97E100053A0D /* Build configuration list for PBXProject "H158" */;
			developmentRegion = en;
			hasScannedForEncodings = 0;
			knownRegions = (
				en,
				Base,
			);
			mainGroup = D97200C6302D97E100053A0D;
			minimizedProjectReferenceProxies = 1;
			preferredProjectObjectVersion = 77;
			productRefGroup = D97200D0302D97E100053A0D /* Products */;
			projectDirPath = "";
			projectReferences = (
				{
					ProductGroup = D9720124302D98B400053A0D /* Products */;
					ProjectRef = D9720122302D98B400053A0D /* h158lib.xcodeproj */;
				},
			);
			projectRoot = "";
			targets = (
				D97200CE302D97E100053A0D /* H158 */,
				D97200DB302D97E100053A0D /* H158Tests */,
				D97200E5302D97E100053A0D /* H158UITests */,
			);
		};
/* End PBXProject section */

/* Begin PBXReferenceProxy section */
		D972020000000000000000A1 /* h158lib.framework */ = {
			isa = PBXReferenceProxy;
			fileType = wrapper.framework;
			path = h158lib.framework;
			remoteRef = D972020000000000000000A2 /* PBXContainerItemProxy */;
			sourceTree = BUILT_PRODUCTS_DIR;
		};
/* End PBXReferenceProxy section */

/* Begin PBXResourcesBuildPhase section */
		D97200CD302D97E100053A0D /* Resources */ = {
			isa = PBXResourcesBuildPhase;
			buildActionMask = 2147483647;
			files = (
			);
			runOnlyForDeploymentPostprocessing = 0;
		};
		D97200DA302D97E100053A0D /* Resources */ = {
			isa = PBXResourcesBuildPhase;
			buildActionMask = 2147483647;
			files = (
			);
			runOnlyForDeploymentPostprocessing = 0;
		};
		D97200E4302D97E100053A0D /* Resources */ = {
			isa = PBXResourcesBuildPhase;
			buildActionMask = 2147483647;
			files = (
			);
			runOnlyForDeploymentPostprocessing = 0;
		};
/* End PBXResourcesBuildPhase section */

/* Begin PBXSourcesBuildPhase section */
		D97200CB302D97E100053A0D /* Sources */ = {
			isa = PBXSourcesBuildPhase;
			buildActionMask = 2147483647;
			files = (
			);
			runOnlyForDeploymentPostprocessing = 0;
		};
		D97200D8302D97E100053A0D /* Sources */ = {
			isa = PBXSourcesBuildPhase;
			buildActionMask = 2147483647;
			files = (
			);
			runOnlyForDeploymentPostprocessing = 0;
		};
		D97200E2302D97E100053A0D /* Sources */ = {
			isa = PBXSourcesBuildPhase;
			buildActionMask = 2147483647;
			files = (
			);
			runOnlyForDeploymentPostprocessing = 0;
		};
/* End PBXSourcesBuildPhase section */

/* Begin PBXTargetDependency section */
		D97200DE302D97E100053A0D /* PBXTargetDependency */ = {
			isa = PBXTargetDependency;
			target = D97200CE302D97E100053A0D /* H158 */;
			targetProxy = D97200DD302D97E100053A0D /* PBXContainerItemProxy */;
		};
		D97200E8302D97E100053A0D /* PBXTargetDependency */ = {
			isa = PBXTargetDependency;
			target = D97200CE302D97E100053A0D /* H158 */;
			targetProxy = D97200E7302D97E100053A0D /* PBXContainerItemProxy */;
		};
		D972020000000000000000A4 /* PBXTargetDependency */ = {
			isa = PBXTargetDependency;
			name = h158lib;
			targetProxy = D972020000000000000000A3 /* PBXContainerItemProxy */;
		};
/* End PBXTargetDependency section */

/* Begin XCBuildConfiguration section */
		D97200EE302D97E100053A0D /* Debug */ = {
			isa = XCBuildConfiguration;
			buildSettings = {
				ALWAYS_SEARCH_USER_PATHS = NO;
				ASSETCATALOG_COMPILER_GENERATE_SWIFT_ASSET_SYMBOL_EXTENSIONS = YES;
				CLANG_ANALYZER_NONNULL = YES;
				CLANG_ANALYZER_NUMBER_OBJECT_CONVERSION = YES_AGGRESSIVE;
				CLANG_CXX_LANGUAGE_STANDARD = "gnu++20";
				CLANG_ENABLE_MODULES = YES;
				CLANG_ENABLE_OBJC_ARC = YES;
				CLANG_ENABLE_OBJC_WEAK = YES;
				CLANG_WARN_BLOCK_CAPTURE_AUTORELEASING = YES;
				CLANG_WARN_BOOL_CONVERSION = YES;
				CLANG_WARN_COMMA = YES;
				CLANG_WARN_CONSTANT_CONVERSION = YES;
				CLANG_WARN_DEPRECATED_OBJC_IMPLEMENTATIONS = YES;
				CLANG_WARN_DIRECT_OBJC_ISA_USAGE = YES_ERROR;
				CLANG_WARN_DOCUMENTATION_COMMENTS = YES;
				CLANG_WARN_EMPTY_BODY = YES;
				CLANG_WARN_ENUM_CONVERSION = YES;
				CLANG_WARN_INFINITE_RECURSION = YES;
				CLANG_WARN_INT_CONVERSION = YES;
				CLANG_WARN_NON_LITERAL_NULL_CONVERSION = YES;
				CLANG_WARN_OBJC_IMPLICIT_RETAIN_SELF = YES;
				CLANG_WARN_OBJC_LITERAL_CONVERSION = YES;
				CLANG_WARN_OBJC_ROOT_CLASS = YES_ERROR;
				CLANG_WARN_QUOTED_INCLUDE_IN_FRAMEWORK_HEADER = YES;
				CLANG_WARN_RANGE_LOOP_ANALYSIS = YES;
				CLANG_WARN_STRICT_PROTOTYPES = YES;
				CLANG_WARN_SUSPICIOUS_MOVE = YES;
				CLANG_WARN_UNGUARDED_AVAILABILITY = YES_AGGRESSIVE;
				CLANG_WARN_UNREACHABLE_CODE = YES;
				CLANG_WARN__DUPLICATE_METHOD_MATCH = YES;
				COPY_PHASE_STRIP = NO;
				DEBUG_INFORMATION_FORMAT = dwarf;
				DEVELOPMENT_TEAM = 9S44FYTYB4;
				ENABLE_STRICT_OBJC_MSGSEND = YES;
				ENABLE_TESTABILITY = YES;
				ENABLE_USER_SCRIPT_SANDBOXING = YES;
				GCC_C_LANGUAGE_STANDARD = gnu17;
				GCC_DYNAMIC_NO_PIC = NO;
				GCC_NO_COMMON_BLOCKS = YES;
				GCC_OPTIMIZATION_LEVEL = 0;
				GCC_PREPROCESSOR_DEFINITIONS = (
					"DEBUG=1",
					"$(inherited)",
				);
				GCC_WARN_64_TO_32_BIT_CONVERSION = YES;
				GCC_WARN_ABOUT_RETURN_TYPE = YES_ERROR;
				GCC_WARN_UNDECLARED_SELECTOR = YES;
				GCC_WARN_UNINITIALIZED_AUTOS = YES_AGGRESSIVE;
				GCC_WARN_UNUSED_FUNCTION = YES;
				GCC_WARN_UNUSED_VARIABLE = YES;
				IPHONEOS_DEPLOYMENT_TARGET = 26.4;
				LOCALIZATION_PREFERS_STRING_CATALOGS = YES;
				MTL_ENABLE_DEBUG_INFO = INCLUDE_SOURCE;
				MTL_FAST_MATH = YES;
				ONLY_ACTIVE_ARCH = YES;
				SDKROOT = iphoneos;
				SWIFT_ACTIVE_COMPILATION_CONDITIONS = "DEBUG $(inherited)";
				SWIFT_OPTIMIZATION_LEVEL = "-Onone";
			};
			name = Debug;
		};
		D97200EF302D97E100053A0D /* Release */ = {
			isa = XCBuildConfiguration;
			buildSettings = {
				ALWAYS_SEARCH_USER_PATHS = NO;
				ASSETCATALOG_COMPILER_GENERATE_SWIFT_ASSET_SYMBOL_EXTENSIONS = YES;
				CLANG_ANALYZER_NONNULL = YES;
				CLANG_ANALYZER_NUMBER_OBJECT_CONVERSION = YES_AGGRESSIVE;
				CLANG_CXX_LANGUAGE_STANDARD = "gnu++20";
				CLANG_ENABLE_MODULES = YES;
				CLANG_ENABLE_OBJC_ARC = YES;
				CLANG_ENABLE_OBJC_WEAK = YES;
				CLANG_WARN_BLOCK_CAPTURE_AUTORELEASING = YES;
				CLANG_WARN_BOOL_CONVERSION = YES;
				CLANG_WARN_COMMA = YES;
				CLANG_WARN_CONSTANT_CONVERSION = YES;
				CLANG_WARN_DEPRECATED_OBJC_IMPLEMENTATIONS = YES;
				CLANG_WARN_DIRECT_OBJC_ISA_USAGE = YES_ERROR;
				CLANG_WARN_DOCUMENTATION_COMMENTS = YES;
				CLANG_WARN_EMPTY_BODY = YES;
				CLANG_WARN_ENUM_CONVERSION = YES;
				CLANG_WARN_INFINITE_RECURSION = YES;
				CLANG_WARN_INT_CONVERSION = YES;
				CLANG_WARN_NON_LITERAL_NULL_CONVERSION = YES;
				CLANG_WARN_OBJC_IMPLICIT_RETAIN_SELF = YES;
				CLANG_WARN_OBJC_LITERAL_CONVERSION = YES;
				CLANG_WARN_OBJC_ROOT_CLASS = YES_ERROR;
				CLANG_WARN_QUOTED_INCLUDE_IN_FRAMEWORK_HEADER = YES;
				CLANG_WARN_RANGE_LOOP_ANALYSIS = YES;
				CLANG_WARN_STRICT_PROTOTYPES = YES;
				CLANG_WARN_SUSPICIOUS_MOVE = YES;
				CLANG_WARN_UNGUARDED_AVAILABILITY = YES_AGGRESSIVE;
				CLANG_WARN_UNREACHABLE_CODE = YES;
				CLANG_WARN__DUPLICATE_METHOD_MATCH = YES;
				COPY_PHASE_STRIP = NO;
				DEBUG_INFORMATION_FORMAT = "dwarf-with-dsym";
				DEVELOPMENT_TEAM = 9S44FYTYB4;
				ENABLE_NS_ASSERTIONS = NO;
				ENABLE_STRICT_OBJC_MSGSEND = YES;
				ENABLE_USER_SCRIPT_SANDBOXING = YES;
				GCC_C_LANGUAGE_STANDARD = gnu17;
				GCC_NO_COMMON_BLOCKS = YES;
				GCC_WARN_64_TO_32_BIT_CONVERSION = YES;
				GCC_WARN_ABOUT_RETURN_TYPE = YES_ERROR;
				GCC_WARN_UNDECLARED_SELECTOR = YES;
				GCC_WARN_UNINITIALIZED_AUTOS = YES_AGGRESSIVE;
				GCC_WARN_UNUSED_FUNCTION = YES;
				GCC_WARN_UNUSED_VARIABLE = YES;
				IPHONEOS_DEPLOYMENT_TARGET = 26.4;
				LOCALIZATION_PREFERS_STRING_CATALOGS = YES;
				MTL_ENABLE_DEBUG_INFO = NO;
				MTL_FAST_MATH = YES;
				SDKROOT = iphoneos;
				SWIFT_COMPILATION_MODE = wholemodule;
				VALIDATE_PRODUCT = YES;
			};
			name = Release;
		};
		D97200F1302D97E100053A0D /* Debug */ = {
			isa = XCBuildConfiguration;
			buildSettings = {
				ASSETCATALOG_COMPILER_APPICON_NAME = AppIcon;
				ASSETCATALOG_COMPILER_GLOBAL_ACCENT_COLOR_NAME = AccentColor;
				CODE_SIGN_STYLE = Automatic;
				CURRENT_PROJECT_VERSION = 1;
				DEVELOPMENT_TEAM = 9S44FYTYB4;
				ENABLE_PREVIEWS = YES;
				GENERATE_INFOPLIST_FILE = YES;
				INFOPLIST_KEY_NSBluetoothAlwaysUsageDescription = "Bluetooth is required to scan for and connect to vaporizer devices.";
				INFOPLIST_KEY_UIApplicationSceneManifest_Generation = YES;
				INFOPLIST_KEY_UIApplicationSupportsIndirectInputEvents = YES;
				INFOPLIST_KEY_UILaunchScreen_Generation = YES;
				INFOPLIST_KEY_UISupportedInterfaceOrientations_iPad = "UIInterfaceOrientationPortrait UIInterfaceOrientationPortraitUpsideDown UIInterfaceOrientationLandscapeLeft UIInterfaceOrientationLandscapeRight";
				INFOPLIST_KEY_UISupportedInterfaceOrientations_iPhone = "UIInterfaceOrientationPortrait UIInterfaceOrientationLandscapeLeft UIInterfaceOrientationLandscapeRight";
				IPHONEOS_DEPLOYMENT_TARGET = 17.6;
				LD_RUNPATH_SEARCH_PATHS = (
					"$(inherited)",
					"@executable_path/Frameworks",
				);
				MARKETING_VERSION = 1.0;
				PRODUCT_BUNDLE_IDENTIFIER = itron.hqd.H158;
				PRODUCT_NAME = "$(TARGET_NAME)";
				STRING_CATALOG_GENERATE_SYMBOLS = YES;
				SWIFT_APPROACHABLE_CONCURRENCY = YES;
				SWIFT_DEFAULT_ACTOR_ISOLATION = MainActor;
				SWIFT_EMIT_LOC_STRINGS = YES;
				SWIFT_UPCOMING_FEATURE_MEMBER_IMPORT_VISIBILITY = YES;
				SWIFT_VERSION = 5.0;
				TARGETED_DEVICE_FAMILY = "1,2";
			};
			name = Debug;
		};
		D97200F2302D97E100053A0D /* Release */ = {
			isa = XCBuildConfiguration;
			buildSettings = {
				ASSETCATALOG_COMPILER_APPICON_NAME = AppIcon;
				ASSETCATALOG_COMPILER_GLOBAL_ACCENT_COLOR_NAME = AccentColor;
				CODE_SIGN_STYLE = Automatic;
				CURRENT_PROJECT_VERSION = 1;
				DEVELOPMENT_TEAM = 9S44FYTYB4;
				ENABLE_PREVIEWS = YES;
				GENERATE_INFOPLIST_FILE = YES;
				INFOPLIST_KEY_NSBluetoothAlwaysUsageDescription = "Bluetooth is required to scan for and connect to vaporizer devices.";
				INFOPLIST_KEY_UIApplicationSceneManifest_Generation = YES;
				INFOPLIST_KEY_UIApplicationSupportsIndirectInputEvents = YES;
				INFOPLIST_KEY_UILaunchScreen_Generation = YES;
				INFOPLIST_KEY_UISupportedInterfaceOrientations_iPad = "UIInterfaceOrientationPortrait UIInterfaceOrientationPortraitUpsideDown UIInterfaceOrientationLandscapeLeft UIInterfaceOrientationLandscapeRight";
				INFOPLIST_KEY_UISupportedInterfaceOrientations_iPhone = "UIInterfaceOrientationPortrait UIInterfaceOrientationLandscapeLeft UIInterfaceOrientationLandscapeRight";
				IPHONEOS_DEPLOYMENT_TARGET = 17.6;
				LD_RUNPATH_SEARCH_PATHS = (
					"$(inherited)",
					"@executable_path/Frameworks",
				);
				MARKETING_VERSION = 1.0;
				PRODUCT_BUNDLE_IDENTIFIER = itron.hqd.H158;
				PRODUCT_NAME = "$(TARGET_NAME)";
				STRING_CATALOG_GENERATE_SYMBOLS = YES;
				SWIFT_APPROACHABLE_CONCURRENCY = YES;
				SWIFT_DEFAULT_ACTOR_ISOLATION = MainActor;
				SWIFT_EMIT_LOC_STRINGS = YES;
				SWIFT_UPCOMING_FEATURE_MEMBER_IMPORT_VISIBILITY = YES;
				SWIFT_VERSION = 5.0;
				TARGETED_DEVICE_FAMILY = "1,2";
			};
			name = Release;
		};
		D97200F4302D97E100053A0D /* Debug */ = {
			isa = XCBuildConfiguration;
			buildSettings = {
				BUNDLE_LOADER = "$(TEST_HOST)";
				CODE_SIGN_STYLE = Automatic;
				CURRENT_PROJECT_VERSION = 1;
				DEVELOPMENT_TEAM = 9S44FYTYB4;
				GENERATE_INFOPLIST_FILE = YES;
				IPHONEOS_DEPLOYMENT_TARGET = 26.4;
				MARKETING_VERSION = 1.0;
				PRODUCT_BUNDLE_IDENTIFIER = itron.hqd.H158Tests;
				PRODUCT_NAME = "$(TARGET_NAME)";
				STRING_CATALOG_GENERATE_SYMBOLS = NO;
				SWIFT_APPROACHABLE_CONCURRENCY = YES;
				SWIFT_EMIT_LOC_STRINGS = NO;
				SWIFT_UPCOMING_FEATURE_MEMBER_IMPORT_VISIBILITY = YES;
				SWIFT_VERSION = 5.0;
				TARGETED_DEVICE_FAMILY = "1,2";
				TEST_HOST = "$(BUILT_PRODUCTS_DIR)/H158.app/$(BUNDLE_EXECUTABLE_FOLDER_PATH)/H158";
			};
			name = Debug;
		};
		D97200F5302D97E100053A0D /* Release */ = {
			isa = XCBuildConfiguration;
			buildSettings = {
				BUNDLE_LOADER = "$(TEST_HOST)";
				CODE_SIGN_STYLE = Automatic;
				CURRENT_PROJECT_VERSION = 1;
				DEVELOPMENT_TEAM = 9S44FYTYB4;
				GENERATE_INFOPLIST_FILE = YES;
				IPHONEOS_DEPLOYMENT_TARGET = 26.4;
				MARKETING_VERSION = 1.0;
				PRODUCT_BUNDLE_IDENTIFIER = itron.hqd.H158Tests;
				PRODUCT_NAME = "$(TARGET_NAME)";
				STRING_CATALOG_GENERATE_SYMBOLS = NO;
				SWIFT_APPROACHABLE_CONCURRENCY = YES;
				SWIFT_EMIT_LOC_STRINGS = NO;
				SWIFT_UPCOMING_FEATURE_MEMBER_IMPORT_VISIBILITY = YES;
				SWIFT_VERSION = 5.0;
				TARGETED_DEVICE_FAMILY = "1,2";
				TEST_HOST = "$(BUILT_PRODUCTS_DIR)/H158.app/$(BUNDLE_EXECUTABLE_FOLDER_PATH)/H158";
			};
			name = Release;
		};
		D97200F7302D97E100053A0D /* Debug */ = {
			isa = XCBuildConfiguration;
			buildSettings = {
				CODE_SIGN_STYLE = Automatic;
				CURRENT_PROJECT_VERSION = 1;
				DEVELOPMENT_TEAM = 9S44FYTYB4;
				GENERATE_INFOPLIST_FILE = YES;
				MARKETING_VERSION = 1.0;
				PRODUCT_BUNDLE_IDENTIFIER = itron.hqd.H158UITests;
				PRODUCT_NAME = "$(TARGET_NAME)";
				STRING_CATALOG_GENERATE_SYMBOLS = NO;
				SWIFT_APPROACHABLE_CONCURRENCY = YES;
				SWIFT_EMIT_LOC_STRINGS = NO;
				SWIFT_UPCOMING_FEATURE_MEMBER_IMPORT_VISIBILITY = YES;
				SWIFT_VERSION = 5.0;
				TARGETED_DEVICE_FAMILY = "1,2";
				TEST_TARGET_NAME = H158;
			};
			name = Debug;
		};
		D97200F8302D97E100053A0D /* Release */ = {
			isa = XCBuildConfiguration;
			buildSettings = {
				CODE_SIGN_STYLE = Automatic;
				CURRENT_PROJECT_VERSION = 1;
				DEVELOPMENT_TEAM = 9S44FYTYB4;
				GENERATE_INFOPLIST_FILE = YES;
				MARKETING_VERSION = 1.0;
				PRODUCT_BUNDLE_IDENTIFIER = itron.hqd.H158UITests;
				PRODUCT_NAME = "$(TARGET_NAME)";
				STRING_CATALOG_GENERATE_SYMBOLS = NO;
				SWIFT_APPROACHABLE_CONCURRENCY = YES;
				SWIFT_EMIT_LOC_STRINGS = NO;
				SWIFT_UPCOMING_FEATURE_MEMBER_IMPORT_VISIBILITY = YES;
				SWIFT_VERSION = 5.0;
				TARGETED_DEVICE_FAMILY = "1,2";
				TEST_TARGET_NAME = H158;
			};
			name = Release;
		};
/* End XCBuildConfiguration section */

/* Begin XCConfigurationList section */
		D97200CA302D97E100053A0D /* Build configuration list for PBXProject "H158" */ = {
			isa = XCConfigurationList;
			buildConfigurations = (
				D97200EE302D97E100053A0D /* Debug */,
				D97200EF302D97E100053A0D /* Release */,
			);
			defaultConfigurationIsVisible = 0;
			defaultConfigurationName = Release;
		};
		D97200F0302D97E100053A0D /* Build configuration list for PBXNativeTarget "H158" */ = {
			isa = XCConfigurationList;
			buildConfigurations = (
				D97200F1302D97E100053A0D /* Debug */,
				D97200F2302D97E100053A0D /* Release */,
			);
			defaultConfigurationIsVisible = 0;
			defaultConfigurationName = Release;
		};
		D97200F3302D97E100053A0D /* Build configuration list for PBXNativeTarget "H158Tests" */ = {
			isa = XCConfigurationList;
			buildConfigurations = (
				D97200F4302D97E100053A0D /* Debug */,
				D97200F5302D97E100053A0D /* Release */,
			);
			defaultConfigurationIsVisible = 0;
			defaultConfigurationName = Release;
		};
		D97200F6302D97E100053A0D /* Build configuration list for PBXNativeTarget "H158UITests" */ = {
			isa = XCConfigurationList;
			buildConfigurations = (
				D97200F7302D97E100053A0D /* Debug */,
				D97200F8302D97E100053A0D /* Release */,
			);
			defaultConfigurationIsVisible = 0;
			defaultConfigurationName = Release;
		};
/* End XCConfigurationList section */
	};
	rootObject = D97200C7302D97E100053A0D /* Project object */;
}
